
Microsoft Visual Studio Solution File, Format Version 12.00
# Visual Studio Version 16
VisualStudioVersion = 16.0.32002.261
MinimumVisualStudioVersion = 10.0.40219.1
Project("{FAE04EC0-301F-11D3-BF4B-00C04F79EFBC}") = "RegistryCursors", "RegistryCursors\RegistryCursors.csproj", "{D9D0F9C2-8DD9-4854-8C76-988A957A87A5}"
EndProject
Project("{FAE04EC0-301F-11D3-BF4B-00C04F79EFBC}") = "DemoApp", "DemoApp\DemoApp.csproj", "{553F845E-A554-43A1-A1D1-0FA5CBBDF0D5}"
EndProject
Global
	GlobalSection(SolutionConfigurationPlatforms) = preSolution
		Debug|Any CPU = Debug|Any CPU
		Release|Any CPU = Release|Any CPU
	EndGlobalSection
	GlobalSection(ProjectConfigurationPlatforms) = postSolution
		{D9D0F9C2-8DD9-4854-8C76-988A957A87A5}.Debug|Any CPU.ActiveCfg = Debug|Any CPU
		{D9D0F9C2-8DD9-4854-8C76-988A957A87A5}.Debug|Any CPU.Build.0 = Debug|Any CPU
		{D9D0F9C2-8DD9-4854-8C76-988A957A87A5}.Release|Any CPU.ActiveCfg = Release|Any CPU
		{D9D0F9C2-8DD9-4854-8C76-988A957A87A5}.Release|Any CPU.Build.0 = Release|Any CPU
		{553F845E-A554-43A1-A1D1-0FA5CBBDF0D5}.Debug|Any CPU.ActiveCfg = Debug|Any CPU
		{553F845E-A554-43A1-A1D1-0FA5CBBDF0D5}.Debug|Any CPU.Build.0 = Debug|Any CPU
		{553F845E-A554-43A1-A1D1-0FA5CBBDF0D5}.Release|Any CPU.ActiveCfg = Release|Any CPU
		{553F845E-A554-43A1-A1D1-0FA5CBBDF0D5}.Release|Any CPU.Build.0 = Release|Any CPU
	EndGlobalSection
	GlobalSection(SolutionProperties) = preSolution
		HideSolutionNode = FALSE
	EndGlobalSection
	GlobalSection(ExtensibilityGlobals) = postSolution
		SolutionGuid = {EBF9E0DF-C132-487A-BF18-BBE28C42BC00}
	EndGlobalSection
EndGlobal
